
Microsoft Visual Studio Solution File, Format Version 12.00
# Visual Studio 15
VisualStudioVersion = 15.0.28307.329
MinimumVisualStudioVersion = 10.0.40219.1
Project("{FAE04EC0-301F-11D3-BF4B-00C04F79EFBC}") = "AssistSenior", "AssistSenior\AssistSenior.csproj", "{7E2FE6B3-A48F-4A5C-B48B-794A48AA8C2C}"
EndProject
Project("{FAE04EC0-301F-11D3-BF4B-00C04F79EFBC}") = "Persistencia", "Persistencia\Persistencia.csproj", "{4591BCB0-8258-46CA-9AF7-C5A4866E773B}"
EndProject
Global
	GlobalSection(SolutionConfigurationPlatforms) = preSolution
		Debug|Any CPU = Debug|Any CPU
		Release|Any CPU = Release|Any CPU
	EndGlobalSection
	GlobalSection(ProjectConfigurationPlatforms) = postSolution
		{7E2FE6B3-A48F-4A5C-B48B-794A48AA8C2C}.Debug|Any CPU.ActiveCfg = Debug|Any CPU
		{7E2FE6B3-A48F-4A5C-B48B-794A48AA8C2C}.Debug|Any CPU.Build.0 = Debug|Any CPU
		{7E2FE6B3-A48F-4A5C-B48B-794A48AA8C2C}.Release|Any CPU.ActiveCfg = Release|Any CPU
		{7E2FE6B3-A48F-4A5C-B48B-794A48AA8C2C}.Release|Any CPU.Build.0 = Release|Any CPU
		{4591BCB0-8258-46CA-9AF7-C5A4866E773B}.Debug|Any CPU.ActiveCfg = Debug|Any CPU
		{4591BCB0-8258-46CA-9AF7-C5A4866E773B}.Debug|Any CPU.Build.0 = Debug|Any CPU
		{4591BCB0-8258-46CA-9AF7-C5A4866E773B}.Release|Any CPU.ActiveCfg = Release|Any CPU
		{4591BCB0-8258-46CA-9AF7-C5A4866E773B}.Release|Any CPU.Build.0 = Release|Any CPU
	EndGlobalSection
	GlobalSection(SolutionProperties) = preSolution
		HideSolutionNode = FALSE
	EndGlobalSection
	GlobalSection(ExtensibilityGlobals) = postSolution
		SolutionGuid = {DC2A1D3E-C8BD-4042-AFE9-8C9A44795A4A}
	EndGlobalSection
EndGlobal
